
Microsoft Visual Studio Solution File, Format Version 12.00
# Visual Studio Version 17
VisualStudioVersion = 17.9.34728.123
MinimumVisualStudioVersion = 10.0.40219.1
Project("{FAE04EC0-301F-11D3-BF4B-00C04F79EFBC}") = "Clinica_UPN_V4.3", "Clinica_UPN_V4.3\Clinica_UPN_V4.3.csproj", "{55E80FD7-B13A-4A79-919A-774BD8BDD625}"
EndProject
Global
	GlobalSection(SolutionConfigurationPlatforms) = preSolution
		Debug|Any CPU = Debug|Any CPU
		Release|Any CPU = Release|Any CPU
	EndGlobalSection
	GlobalSection(ProjectConfigurationPlatforms) = postSolution
		{55E80FD7-B13A-4A79-919A-774BD8BDD625}.Debug|Any CPU.ActiveCfg = Debug|Any CPU
		{55E80FD7-B13A-4A79-919A-774BD8BDD625}.Debug|Any CPU.Build.0 = Debug|Any CPU
		{55E80FD7-B13A-4A79-919A-774BD8BDD625}.Release|Any CPU.ActiveCfg = Release|Any CPU
		{55E80FD7-B13A-4A79-919A-774BD8BDD625}.Release|Any CPU.Build.0 = Release|Any CPU
	EndGlobalSection
	GlobalSection(SolutionProperties) = preSolution
		HideSolutionNode = FALSE
	EndGlobalSection
	GlobalSection(ExtensibilityGlobals) = postSolution
		SolutionGuid = {7A453200-A0A2-4A03-BF52-71A58DDC806A}
	EndGlobalSection
EndGlobal
